
Microsoft Visual Studio Solution File, Format Version 12.00
# Visual Studio 15
VisualStudioVersion = 15.0.28010.2026
MinimumVisualStudioVersion = 10.0.40219.1
Project("{9A19103F-16F7-4668-BE54-9A1E7A4F7556}") = "MVCDemo", "MVCDemo\MVCDemo.csproj", "{C9FADE58-3611-4026-B0C5-3A1F21CF56E5}"
EndProject
Project("{9A19103F-16F7-4668-BE54-9A1E7A4F7556}") = "UnitTestProject", "UnitTestProject\UnitTestProject.csproj", "{46BC5F45-429B-4E92-ABDB-290E9A59B38F}"
EndProject
Project("{FAE04EC0-301F-11D3-BF4B-00C04F79EFBC}") = "WebClient", "WebClient\WebClient.csproj", "{1BCB49A2-7F3B-4ED7-88AF-57295606EB01}"
EndProject
Global
	GlobalSection(SolutionConfigurationPlatforms) = preSolution
		Debug|Any CPU = Debug|Any CPU
		Release|Any CPU = Release|Any CPU
	EndGlobalSection
	GlobalSection(ProjectConfigurationPlatforms) = postSolution
		{C9FADE58-3611-4026-B0C5-3A1F21CF56E5}.Debug|Any CPU.ActiveCfg = Debug|Any CPU
		{C9FADE58-3611-4026-B0C5-3A1F21CF56E5}.Debug|Any CPU.Build.0 = Debug|Any CPU
		{C9FADE58-3611-4026-B0C5-3A1F21CF56E5}.Release|Any CPU.ActiveCfg = Release|Any CPU
		{C9FADE58-3611-4026-B0C5-3A1F21CF56E5}.Release|Any CPU.Build.0 = Release|Any CPU
		{46BC5F45-429B-4E92-ABDB-290E9A59B38F}.Debug|Any CPU.ActiveCfg = Debug|Any CPU
		{46BC5F45-429B-4E92-ABDB-290E9A59B38F}.Debug|Any CPU.Build.0 = Debug|Any CPU
		{46BC5F45-429B-4E92-ABDB-290E9A59B38F}.Release|Any CPU.ActiveCfg = Release|Any CPU
		{46BC5F45-429B-4E92-ABDB-290E9A59B38F}.Release|Any CPU.Build.0 = Release|Any CPU
		{1BCB49A2-7F3B-4ED7-88AF-57295606EB01}.Debug|Any CPU.ActiveCfg = Debug|Any CPU
		{1BCB49A2-7F3B-4ED7-88AF-57295606EB01}.Debug|Any CPU.Build.0 = Debug|Any CPU
		{1BCB49A2-7F3B-4ED7-88AF-57295606EB01}.Release|Any CPU.ActiveCfg = Release|Any CPU
		{1BCB49A2-7F3B-4ED7-88AF-57295606EB01}.Release|Any CPU.Build.0 = Release|Any CPU
	EndGlobalSection
	GlobalSection(SolutionProperties) = preSolution
		HideSolutionNode = FALSE
	EndGlobalSection
	GlobalSection(ExtensibilityGlobals) = postSolution
		SolutionGuid = {539FBE90-D35A-43BE-8F0F-3ACDAC148760}
	EndGlobalSection
EndGlobal
